Microsoft Visual Studio Solution File, Format Version 12.00
# Visual Studio Version 17
VisualStudioVersion = 17.5.2.0
MinimumVisualStudioVersion = 10.0.40219.1
Project("{FAE04EC0-301F-11D3-BF4B-00C04F79EFBC}") = "agent-csharp", "agent-csharp\agent-csharp.csproj", "{DB8FAEB9-9C7A-7743-CB59-6580E5CFC324}"
EndProject
Global
	GlobalSection(SolutionConfigurationPlatforms) = preSolution
		Debug|Any CPU = Debug|Any CPU
		Release|Any CPU = Release|Any CPU
	EndGlobalSection
	GlobalSection(ProjectConfigurationPlatforms) = postSolution
		{DB8FAEB9-9C7A-7743-CB59-6580E5CFC324}.Debug|Any CPU.ActiveCfg = Debug|Any CPU
		{DB8FAEB9-9C7A-7743-CB59-6580E5CFC324}.Debug|Any CPU.Build.0 = Debug|Any CPU
		{DB8FAEB9-9C7A-7743-CB59-6580E5CFC324}.Release|Any CPU.ActiveCfg = Release|Any CPU
		{DB8FAEB9-9C7A-7743-CB59-6580E5CFC324}.Release|Any CPU.Build.0 = Release|Any CPU
	EndGlobalSection
	GlobalSection(SolutionProperties) = preSolution
		HideSolutionNode = FALSE
	EndGlobalSection
	GlobalSection(ExtensibilityGlobals) = postSolution
		SolutionGuid = {DF430FA4-1FCB-416C-8369-B720936C6B7F}
	EndGlobalSection
EndGlobal
